
Microsoft Visual Studio Solution File, Format Version 12.00
# Visual Studio Version 17
VisualStudioVersion = 17.0.31903.59
MinimumVisualStudioVersion = 10.0.40219.1
Project("{FAE04EC0-301F-11D3-BF4B-00C04F79EFBC}") = "Dictionary-Gradebook.Library", "Dictionary-Gradebook.Library\Dictionary-Gradebook.Library.csproj", "{5D42BD24-C8B1-427E-AAF1-7D62D1774EDC}"
EndProject
Project("{FAE04EC0-301F-11D3-BF4B-00C04F79EFBC}") = "Dictionary-Gradebook.Console", "Dictionary-Gradebook.Console\Dictionary-Gradebook.Console.csproj", "{A6C7017F-8E3B-4D16-8A38-4AC3596CEF75}"
EndProject
Project("{FAE04EC0-301F-11D3-BF4B-00C04F79EFBC}") = "Dictionary-Gradebook.Tests", "Dictionary-Gradebook.Tests\Dictionary-Gradebook.Tests.csproj", "{3A1956BF-3080-4D53-8A09-F1EAB912EB86}"
EndProject
Project("{FAE04EC0-301F-11D3-BF4B-00C04F79EFBC}") = "Dictionary-Gradebook.Blazor", "Dictionary-Gradebook.Blazor\Dictionary-Gradebook.Blazor.csproj", "{4010B644-CB9E-4162-8BB4-8DFD63ED9B09}"
EndProject
Global
	GlobalSection(SolutionConfigurationPlatforms) = preSolution
		Debug|Any CPU = Debug|Any CPU
		Release|Any CPU = Release|Any CPU
	EndGlobalSection
	GlobalSection(SolutionProperties) = preSolution
		HideSolutionNode = FALSE
	EndGlobalSection
	GlobalSection(ProjectConfigurationPlatforms) = postSolution
		{5D42BD24-C8B1-427E-AAF1-7D62D1774EDC}.Debug|Any CPU.ActiveCfg = Debug|Any CPU
		{5D42BD24-C8B1-427E-AAF1-7D62D1774EDC}.Debug|Any CPU.Build.0 = Debug|Any CPU
		{5D42BD24-C8B1-427E-AAF1-7D62D1774EDC}.Release|Any CPU.ActiveCfg = Release|Any CPU
		{5D42BD24-C8B1-427E-AAF1-7D62D1774EDC}.Release|Any CPU.Build.0 = Release|Any CPU
		{A6C7017F-8E3B-4D16-8A38-4AC3596CEF75}.Debug|Any CPU.ActiveCfg = Debug|Any CPU
		{A6C7017F-8E3B-4D16-8A38-4AC3596CEF75}.Debug|Any CPU.Build.0 = Debug|Any CPU
		{A6C7017F-8E3B-4D16-8A38-4AC3596CEF75}.Release|Any CPU.ActiveCfg = Release|Any CPU
		{A6C7017F-8E3B-4D16-8A38-4AC3596CEF75}.Release|Any CPU.Build.0 = Release|Any CPU
		{F8DFC53F-1284-45D1-9745-640A8572AA2A}.Debug|Any CPU.ActiveCfg = Debug|Any CPU
		{F8DFC53F-1284-45D1-9745-640A8572AA2A}.Debug|Any CPU.Build.0 = Debug|Any CPU
		{F8DFC53F-1284-45D1-9745-640A8572AA2A}.Release|Any CPU.ActiveCfg = Release|Any CPU
		{F8DFC53F-1284-45D1-9745-640A8572AA2A}.Release|Any CPU.Build.0 = Release|Any CPU
		{3A1956BF-3080-4D53-8A09-F1EAB912EB86}.Debug|Any CPU.ActiveCfg = Debug|Any CPU
		{3A1956BF-3080-4D53-8A09-F1EAB912EB86}.Debug|Any CPU.Build.0 = Debug|Any CPU
		{3A1956BF-3080-4D53-8A09-F1EAB912EB86}.Release|Any CPU.ActiveCfg = Release|Any CPU
		{3A1956BF-3080-4D53-8A09-F1EAB912EB86}.Release|Any CPU.Build.0 = Release|Any CPU
		{4010B644-CB9E-4162-8BB4-8DFD63ED9B09}.Debug|Any CPU.ActiveCfg = Debug|Any CPU
		{4010B644-CB9E-4162-8BB4-8DFD63ED9B09}.Debug|Any CPU.Build.0 = Debug|Any CPU
		{4010B644-CB9E-4162-8BB4-8DFD63ED9B09}.Release|Any CPU.ActiveCfg = Release|Any CPU
		{4010B644-CB9E-4162-8BB4-8DFD63ED9B09}.Release|Any CPU.Build.0 = Release|Any CPU
	EndGlobalSection
EndGlobal
